
Microsoft Visual Studio Solution File, Format Version 12.00
# Visual Studio Version 17
VisualStudioVersion = 17.5.002.0
MinimumVisualStudioVersion = 10.0.40219.1
Project("{9A19103F-16F7-4668-BE54-9A1E7A4F7556}") = "combinations", "combinations.csproj", "{A46F9206-F173-43F0-B1EC-B016D1360450}"
EndProject
Global
	GlobalSection(SolutionConfigurationPlatforms) = preSolution
		Debug|Any CPU = Debug|Any CPU
		Release|Any CPU = Release|Any CPU
	EndGlobalSection
	GlobalSection(ProjectConfigurationPlatforms) = postSolution
		{A46F9206-F173-43F0-B1EC-B016D1360450}.Debug|Any CPU.ActiveCfg = Debug|Any CPU
		{A46F9206-F173-43F0-B1EC-B016D1360450}.Debug|Any CPU.Build.0 = Debug|Any CPU
		{A46F9206-F173-43F0-B1EC-B016D1360450}.Release|Any CPU.ActiveCfg = Release|Any CPU
		{A46F9206-F173-43F0-B1EC-B016D1360450}.Release|Any CPU.Build.0 = Release|Any CPU
	EndGlobalSection
	GlobalSection(SolutionProperties) = preSolution
		HideSolutionNode = FALSE
	EndGlobalSection
	GlobalSection(ExtensibilityGlobals) = postSolution
		SolutionGuid = {077E3E9B-E04B-4985-B872-9367AE27CBCA}
	EndGlobalSection
EndGlobal
