
Microsoft Visual Studio Solution File, Format Version 12.00
# Visual Studio Version 17
VisualStudioVersion = 17.5.002.0
MinimumVisualStudioVersion = 10.0.40219.1
Project("{9A19103F-16F7-4668-BE54-9A1E7A4F7556}") = "lowest-common-ancestor-of-a-binary-tree", "lowest-common-ancestor-of-a-binary-tree.csproj", "{495CE237-1DED-445B-B1D3-1E365D4A5FEC}"
EndProject
Global
	GlobalSection(SolutionConfigurationPlatforms) = preSolution
		Debug|Any CPU = Debug|Any CPU
		Release|Any CPU = Release|Any CPU
	EndGlobalSection
	GlobalSection(ProjectConfigurationPlatforms) = postSolution
		{495CE237-1DED-445B-B1D3-1E365D4A5FEC}.Debug|Any CPU.ActiveCfg = Debug|Any CPU
		{495CE237-1DED-445B-B1D3-1E365D4A5FEC}.Debug|Any CPU.Build.0 = Debug|Any CPU
		{495CE237-1DED-445B-B1D3-1E365D4A5FEC}.Release|Any CPU.ActiveCfg = Release|Any CPU
		{495CE237-1DED-445B-B1D3-1E365D4A5FEC}.Release|Any CPU.Build.0 = Release|Any CPU
	EndGlobalSection
	GlobalSection(SolutionProperties) = preSolution
		HideSolutionNode = FALSE
	EndGlobalSection
	GlobalSection(ExtensibilityGlobals) = postSolution
		SolutionGuid = {793B21B8-FF96-4052-8B23-E128E807A4C8}
	EndGlobalSection
EndGlobal
