
Microsoft Visual Studio Solution File, Format Version 12.00
# Visual Studio Version 17
VisualStudioVersion = 17.5.002.0
MinimumVisualStudioVersion = 10.0.40219.1
Project("{9A19103F-16F7-4668-BE54-9A1E7A4F7556}") = "matchsticks-to-square", "matchsticks-to-square.csproj", "{E9323E4B-80F3-44AE-B24D-716D21C30B39}"
EndProject
Global
	GlobalSection(SolutionConfigurationPlatforms) = preSolution
		Debug|Any CPU = Debug|Any CPU
		Release|Any CPU = Release|Any CPU
	EndGlobalSection
	GlobalSection(ProjectConfigurationPlatforms) = postSolution
		{E9323E4B-80F3-44AE-B24D-716D21C30B39}.Debug|Any CPU.ActiveCfg = Debug|Any CPU
		{E9323E4B-80F3-44AE-B24D-716D21C30B39}.Debug|Any CPU.Build.0 = Debug|Any CPU
		{E9323E4B-80F3-44AE-B24D-716D21C30B39}.Release|Any CPU.ActiveCfg = Release|Any CPU
		{E9323E4B-80F3-44AE-B24D-716D21C30B39}.Release|Any CPU.Build.0 = Release|Any CPU
	EndGlobalSection
	GlobalSection(SolutionProperties) = preSolution
		HideSolutionNode = FALSE
	EndGlobalSection
	GlobalSection(ExtensibilityGlobals) = postSolution
		SolutionGuid = {29E3916E-3DAF-4BDD-97B6-F97C1557A6D5}
	EndGlobalSection
EndGlobal
