
Microsoft Visual Studio Solution File, Format Version 12.00
# Visual Studio Version 17
VisualStudioVersion = 17.5.002.0
MinimumVisualStudioVersion = 10.0.40219.1
Project("{9A19103F-16F7-4668-BE54-9A1E7A4F7556}") = "path-with-maximum-gold", "path-with-maximum-gold.csproj", "{CD578C7E-6D81-4468-9863-C8AB83513645}"
EndProject
Global
	GlobalSection(SolutionConfigurationPlatforms) = preSolution
		Debug|Any CPU = Debug|Any CPU
		Release|Any CPU = Release|Any CPU
	EndGlobalSection
	GlobalSection(ProjectConfigurationPlatforms) = postSolution
		{CD578C7E-6D81-4468-9863-C8AB83513645}.Debug|Any CPU.ActiveCfg = Debug|Any CPU
		{CD578C7E-6D81-4468-9863-C8AB83513645}.Debug|Any CPU.Build.0 = Debug|Any CPU
		{CD578C7E-6D81-4468-9863-C8AB83513645}.Release|Any CPU.ActiveCfg = Release|Any CPU
		{CD578C7E-6D81-4468-9863-C8AB83513645}.Release|Any CPU.Build.0 = Release|Any CPU
	EndGlobalSection
	GlobalSection(SolutionProperties) = preSolution
		HideSolutionNode = FALSE
	EndGlobalSection
	GlobalSection(ExtensibilityGlobals) = postSolution
		SolutionGuid = {F5DBF92B-4614-4657-8B41-58C345FEB975}
	EndGlobalSection
EndGlobal
