
Microsoft Visual Studio Solution File, Format Version 12.00
# Visual Studio Version 17
VisualStudioVersion = 17.5.002.0
MinimumVisualStudioVersion = 10.0.40219.1
Project("{9A19103F-16F7-4668-BE54-9A1E7A4F7556}") = "remove-invalid-parenthesis", "remove-invalid-parenthesis.csproj", "{EFEC80C8-3322-4C7D-9D74-B2FE62A12F07}"
EndProject
Global
	GlobalSection(SolutionConfigurationPlatforms) = preSolution
		Debug|Any CPU = Debug|Any CPU
		Release|Any CPU = Release|Any CPU
	EndGlobalSection
	GlobalSection(ProjectConfigurationPlatforms) = postSolution
		{EFEC80C8-3322-4C7D-9D74-B2FE62A12F07}.Debug|Any CPU.ActiveCfg = Debug|Any CPU
		{EFEC80C8-3322-4C7D-9D74-B2FE62A12F07}.Debug|Any CPU.Build.0 = Debug|Any CPU
		{EFEC80C8-3322-4C7D-9D74-B2FE62A12F07}.Release|Any CPU.ActiveCfg = Release|Any CPU
		{EFEC80C8-3322-4C7D-9D74-B2FE62A12F07}.Release|Any CPU.Build.0 = Release|Any CPU
	EndGlobalSection
	GlobalSection(SolutionProperties) = preSolution
		HideSolutionNode = FALSE
	EndGlobalSection
	GlobalSection(ExtensibilityGlobals) = postSolution
		SolutionGuid = {2D467330-BAA7-4189-AAAB-63522924883B}
	EndGlobalSection
EndGlobal
