
Microsoft Visual Studio Solution File, Format Version 12.00
# Visual Studio Version 17
VisualStudioVersion = 17.5.002.0
MinimumVisualStudioVersion = 10.0.40219.1
Project("{9A19103F-16F7-4668-BE54-9A1E7A4F7556}") = "binary-tree-max-path-sum", "binary-tree-max-path-sum.csproj", "{9DC2C762-7435-40F3-9184-BAFAEF6CD03E}"
EndProject
Global
	GlobalSection(SolutionConfigurationPlatforms) = preSolution
		Debug|Any CPU = Debug|Any CPU
		Release|Any CPU = Release|Any CPU
	EndGlobalSection
	GlobalSection(ProjectConfigurationPlatforms) = postSolution
		{9DC2C762-7435-40F3-9184-BAFAEF6CD03E}.Debug|Any CPU.ActiveCfg = Debug|Any CPU
		{9DC2C762-7435-40F3-9184-BAFAEF6CD03E}.Debug|Any CPU.Build.0 = Debug|Any CPU
		{9DC2C762-7435-40F3-9184-BAFAEF6CD03E}.Release|Any CPU.ActiveCfg = Release|Any CPU
		{9DC2C762-7435-40F3-9184-BAFAEF6CD03E}.Release|Any CPU.Build.0 = Release|Any CPU
	EndGlobalSection
	GlobalSection(SolutionProperties) = preSolution
		HideSolutionNode = FALSE
	EndGlobalSection
	GlobalSection(ExtensibilityGlobals) = postSolution
		SolutionGuid = {FCA4A365-82E2-40BD-B4A3-16A6978B0257}
	EndGlobalSection
EndGlobal
